
Microsoft Visual Studio Solution File, Format Version 12.00
# Visual Studio Version 17
VisualStudioVersion = 17.11.35303.130
MinimumVisualStudioVersion = 10.0.40219.1
Project("{FAE04EC0-301F-11D3-BF4B-00C04F79EFBC}") = "AlzaShopApi", "AlzaShopApi\AlzaShopApi.csproj", "{BC26193D-7C03-47D3-91B3-7386E159FD6B}"
EndProject
Global
	GlobalSection(SolutionConfigurationPlatforms) = preSolution
		Debug|Any CPU = Debug|Any CPU
		Release|Any CPU = Release|Any CPU
	EndGlobalSection
	GlobalSection(ProjectConfigurationPlatforms) = postSolution
		{BC26193D-7C03-47D3-91B3-7386E159FD6B}.Debug|Any CPU.ActiveCfg = Debug|Any CPU
		{BC26193D-7C03-47D3-91B3-7386E159FD6B}.Debug|Any CPU.Build.0 = Debug|Any CPU
		{BC26193D-7C03-47D3-91B3-7386E159FD6B}.Release|Any CPU.ActiveCfg = Release|Any CPU
		{BC26193D-7C03-47D3-91B3-7386E159FD6B}.Release|Any CPU.Build.0 = Release|Any CPU
	EndGlobalSection
	GlobalSection(SolutionProperties) = preSolution
		HideSolutionNode = FALSE
	EndGlobalSection
	GlobalSection(ExtensibilityGlobals) = postSolution
		SolutionGuid = {57DBBBC0-71F1-41C2-9190-E542797DBD0C}
	EndGlobalSection
EndGlobal
